{
    "name": "wbtb-jenkins",
    "version": "0.0.1",
    "lockfileVersion": 1,
    "requires": true,
    "dependencies": {
        "at-least-node": {
            "version": "1.0.0",
            "resolved": "https://registry.npmjs.org/at-least-node/-/at-least-node-1.0.0.tgz",
            "integrity": "sha512-+q/t7Ekv1EDY2l6Gda6LLiX14rU9TV20Wa3ofeQmwPFZbOMo9DXrLbOjFaaclkXKWidIaopwAObQDqwWtGUjqg=="
        },
        "fs-extra": {
            "version": "9.0.0",
            "resolved": "https://registry.npmjs.org/fs-extra/-/fs-extra-9.0.0.tgz",
            "integrity": "sha512-pmEYSk3vYsG/bF651KPUXZ+hvjpgWYw/Gc7W9NFUe3ZVLczKKWIij3IKpOrQcdw4TILtibFslZ0UmR8Vvzig4g==",
            "requires": {
                "at-least-node": "^1.0.0",
                "graceful-fs": "^4.2.0",
                "jsonfile": "^6.0.1",
                "universalify": "^1.0.0"
            }
        },
        "graceful-fs": {
            "version": "4.2.6",
            "resolved": "https://registry.npmjs.org/graceful-fs/-/graceful-fs-4.2.6.tgz",
            "integrity": "sha512-nTnJ528pbqxYanhpDYsi4Rd8MAeaBA67+RZ10CM1m3bTAVFEDcd5AuA4a6W5YkGZ1iNXHzZz8T6TBKLeBuNriQ=="
        },
        "jsonfile": {
            "version": "6.1.0",
            "resolved": "https://registry.npmjs.org/jsonfile/-/jsonfile-6.1.0.tgz",
            "integrity": "sha512-5dgndWOriYSm5cnYaJNhalLNDKOqFwyDB/rr1E9ZsGciGvKPs8R2xYGCacuf3z6K1YKDz182fd+fY3cn3pMqXQ==",
            "requires": {
                "graceful-fs": "^4.1.6",
                "universalify": "^2.0.0"
            },
            "dependencies": {
                "universalify": {
                    "version": "2.0.0",
                    "resolved": "https://registry.npmjs.org/universalify/-/universalify-2.0.0.tgz",
                    "integrity": "sha512-hAZsKq7Yy11Zu1DE0OzWjw7nnLZmJZYTDZZyEFHZdUhV8FkH5MCfoU1XMaxXovpyW5nq5scPqq0ZDP9Zyl04oQ=="
                }
            }
        },
        "sanitize-filename": {
            "version": "1.6.3",
            "resolved": "https://registry.npmjs.org/sanitize-filename/-/sanitize-filename-1.6.3.tgz",
            "integrity": "sha512-y/52Mcy7aw3gRm7IrcGDFx/bCk4AhRh2eI9luHOQM86nZsqwiRkkq2GekHXBBD+SmPidc8i2PqtYZl+pWJ8Oeg==",
            "requires": {
                "truncate-utf8-bytes": "^1.0.0"
            }
        },
        "timebelt": {
            "version": "git+https://github.com/shukriadams/timebelt.git#c8ee39e8045a540683637455632b80a65e6768ea",
            "from": "git+https://github.com/shukriadams/timebelt.git#0.1.9"
        },
        "truncate-utf8-bytes": {
            "version": "1.0.2",
            "resolved": "https://registry.npmjs.org/truncate-utf8-bytes/-/truncate-utf8-bytes-1.0.2.tgz",
            "integrity": "sha1-QFkjkJWS1W94pYGENLC3hInKXys=",
            "requires": {
                "utf8-byte-length": "^1.0.1"
            }
        },
        "universalify": {
            "version": "1.0.0",
            "resolved": "https://registry.npmjs.org/universalify/-/universalify-1.0.0.tgz",
            "integrity": "sha512-rb6X1W158d7pRQBg5gkR8uPaSfiids68LTJQYOtEUhoJUWBdaQHsuT/EUduxXYxcrt4r5PJ4fuHW1MHT6p0qug=="
        },
        "utf8-byte-length": {
            "version": "1.0.4",
            "resolved": "https://registry.npmjs.org/utf8-byte-length/-/utf8-byte-length-1.0.4.tgz",
            "integrity": "sha1-9F8VDExm7uloGGUFq5P8u4rWv2E="
        }
    }
}
