{
    "name": "wbtb-perforce",
    "version": "0.0.1",
    "lockfileVersion": 1,
    "requires": true,
    "dependencies": {
        "at-least-node": {
            "version": "1.0.0",
            "resolved": "https://registry.npmjs.org/at-least-node/-/at-least-node-1.0.0.tgz",
            "integrity": "sha512-+q/t7Ekv1EDY2l6Gda6LLiX14rU9TV20Wa3ofeQmwPFZbOMo9DXrLbOjFaaclkXKWidIaopwAObQDqwWtGUjqg=="
        },
        "cross-spawn": {
            "version": "6.0.5",
            "resolved": "https://registry.npmjs.org/cross-spawn/-/cross-spawn-6.0.5.tgz",
            "integrity": "sha512-eTVLrBSt7fjbDygz805pMnstIs2VTBNkRm0qxZd+M7A5XDdxVRWO5MxGBXZhjY4cqLYLdtrGqRf8mBPmzwSpWQ==",
            "requires": {
                "nice-try": "^1.0.4",
                "path-key": "^2.0.1",
                "semver": "^5.5.0",
                "shebang-command": "^1.2.0",
                "which": "^1.2.9"
            }
        },
        "custom-env": {
            "version": "1.0.0",
            "resolved": "https://registry.npmjs.org/custom-env/-/custom-env-1.0.0.tgz",
            "integrity": "sha512-7qFN5KcW5BQh2DXjYaCKIW3r39sbv9LCPOfc3kANoh361tdpoQ2Q+twrA93w0zl6zYotq4btZDD2idU0570F2w==",
            "requires": {
                "dotenv": "*"
            }
        },
        "dotenv": {
            "version": "8.2.0",
            "resolved": "https://registry.npmjs.org/dotenv/-/dotenv-8.2.0.tgz",
            "integrity": "sha512-8sJ78ElpbDJBHNeBzUbUVLsqKdccaa/BXF1uPTw3GrvQTBgrQrtObr2mUrE38vzYd8cEv+m/JBfDLioYcfXoaw=="
        },
        "fs-extra": {
            "version": "9.0.0",
            "resolved": "https://registry.npmjs.org/fs-extra/-/fs-extra-9.0.0.tgz",
            "integrity": "sha512-pmEYSk3vYsG/bF651KPUXZ+hvjpgWYw/Gc7W9NFUe3ZVLczKKWIij3IKpOrQcdw4TILtibFslZ0UmR8Vvzig4g==",
            "requires": {
                "at-least-node": "^1.0.0",
                "graceful-fs": "^4.2.0",
                "jsonfile": "^6.0.1",
                "universalify": "^1.0.0"
            }
        },
        "graceful-fs": {
            "version": "4.2.4",
            "resolved": "https://registry.npmjs.org/graceful-fs/-/graceful-fs-4.2.4.tgz",
            "integrity": "sha512-WjKPNJF79dtJAVniUlGGWHYGz2jWxT6VhN/4m1NdkbZ2nOsEF+cI1Edgql5zCRhs/VsQYRvrXctxktVXZUkixw=="
        },
        "isexe": {
            "version": "2.0.0",
            "resolved": "https://registry.npmjs.org/isexe/-/isexe-2.0.0.tgz",
            "integrity": "sha1-6PvzdNxVb/iUehDcsFctYz8s+hA="
        },
        "jsonfile": {
            "version": "6.1.0",
            "resolved": "https://registry.npmjs.org/jsonfile/-/jsonfile-6.1.0.tgz",
            "integrity": "sha512-5dgndWOriYSm5cnYaJNhalLNDKOqFwyDB/rr1E9ZsGciGvKPs8R2xYGCacuf3z6K1YKDz182fd+fY3cn3pMqXQ==",
            "requires": {
                "graceful-fs": "^4.1.6",
                "universalify": "^2.0.0"
            },
            "dependencies": {
                "universalify": {
                    "version": "2.0.0",
                    "resolved": "https://registry.npmjs.org/universalify/-/universalify-2.0.0.tgz",
                    "integrity": "sha512-hAZsKq7Yy11Zu1DE0OzWjw7nnLZmJZYTDZZyEFHZdUhV8FkH5MCfoU1XMaxXovpyW5nq5scPqq0ZDP9Zyl04oQ=="
                }
            }
        },
        "madscience-node-exec": {
            "version": "git+https://github.com/shukriadams/node-exec.git#7957d3a4893544c138082395fa9a8775ea8fb088",
            "from": "git+https://github.com/shukriadams/node-exec.git#0.0.7",
            "requires": {
                "cross-spawn": "6.0.5",
                "custom-env": "1.0.0"
            }
        },
        "madscience-perforcehelper": {
            "version": "git+https://github.com/shukriadams/madscience-perforcehelper.git#8dac4731cb832132fd80dcefea47bbb7ac40ea0f",
            "from": "git+https://github.com/shukriadams/madscience-perforcehelper.git#0.0.7",
            "requires": {
                "madscience-node-exec": "git+https://github.com/shukriadams/node-exec.git#0.0.7"
            }
        },
        "nice-try": {
            "version": "1.0.5",
            "resolved": "https://registry.npmjs.org/nice-try/-/nice-try-1.0.5.tgz",
            "integrity": "sha512-1nh45deeb5olNY7eX82BkPO7SSxR5SSYJiPTrTdFUVYwAl8CKMA5N9PjTYkHiRjisVcxcQ1HXdLhx2qxxJzLNQ=="
        },
        "path-key": {
            "version": "2.0.1",
            "resolved": "https://registry.npmjs.org/path-key/-/path-key-2.0.1.tgz",
            "integrity": "sha1-QRyttXTFoUDTpLGRDUDYDMn0C0A="
        },
        "semver": {
            "version": "5.7.1",
            "resolved": "https://registry.npmjs.org/semver/-/semver-5.7.1.tgz",
            "integrity": "sha512-sauaDf/PZdVgrLTNYHRtpXa1iRiKcaebiKQ1BJdpQlWH2lCvexQdX55snPFyK7QzpudqbCI0qXFfOasHdyNDGQ=="
        },
        "shebang-command": {
            "version": "1.2.0",
            "resolved": "https://registry.npmjs.org/shebang-command/-/shebang-command-1.2.0.tgz",
            "integrity": "sha1-RKrGW2lbAzmJaMOfNj/uXer98eo=",
            "requires": {
                "shebang-regex": "^1.0.0"
            }
        },
        "shebang-regex": {
            "version": "1.0.0",
            "resolved": "https://registry.npmjs.org/shebang-regex/-/shebang-regex-1.0.0.tgz",
            "integrity": "sha1-2kL0l0DAtC2yypcoVxyxkMmO/qM="
        },
        "universalify": {
            "version": "1.0.0",
            "resolved": "https://registry.npmjs.org/universalify/-/universalify-1.0.0.tgz",
            "integrity": "sha512-rb6X1W158d7pRQBg5gkR8uPaSfiids68LTJQYOtEUhoJUWBdaQHsuT/EUduxXYxcrt4r5PJ4fuHW1MHT6p0qug=="
        },
        "which": {
            "version": "1.3.1",
            "resolved": "https://registry.npmjs.org/which/-/which-1.3.1.tgz",
            "integrity": "sha512-HxJdYWq1MTIQbJ3nw0cqssHoTNU267KlrDuGZ1WYlxDStUtKUhOaJmh112/TZmHxxUfuJqPXSOm7tDyas0OSIQ==",
            "requires": {
                "isexe": "^2.0.0"
            }
        }
    }
}
