{
    "name": "wbtb-p4jenkinsmockdata",
    "version": "0.0.1",
    "lockfileVersion": 1,
    "requires": true,
    "dependencies": {
        "at-least-node": {
            "version": "1.0.0",
            "resolved": "https://registry.npmjs.org/at-least-node/-/at-least-node-1.0.0.tgz",
            "integrity": "sha512-+q/t7Ekv1EDY2l6Gda6LLiX14rU9TV20Wa3ofeQmwPFZbOMo9DXrLbOjFaaclkXKWidIaopwAObQDqwWtGUjqg=="
        },
        "chance": {
            "version": "1.1.7",
            "resolved": "https://registry.npmjs.org/chance/-/chance-1.1.7.tgz",
            "integrity": "sha512-bua/2cZEfzS6qPm0vi3JEvGNbriDLcMj9lKxCQOjUcCJRcyjA7umP0zZm6bKWWlBN04vA0L99QGH/CZQawr0eg=="
        },
        "commander": {
            "version": "2.20.3",
            "resolved": "https://registry.npmjs.org/commander/-/commander-2.20.3.tgz",
            "integrity": "sha512-GpVkmM8vF2vQUkj2LvZmD35JxeJOLCwJ9cUkugyk2nuhbv3+mJvpLYYt+0+USMxE+oj+ey/lJEnhZw75x/OMcQ=="
        },
        "fs-extra": {
            "version": "9.0.0",
            "resolved": "https://registry.npmjs.org/fs-extra/-/fs-extra-9.0.0.tgz",
            "integrity": "sha512-pmEYSk3vYsG/bF651KPUXZ+hvjpgWYw/Gc7W9NFUe3ZVLczKKWIij3IKpOrQcdw4TILtibFslZ0UmR8Vvzig4g==",
            "requires": {
                "at-least-node": "^1.0.0",
                "graceful-fs": "^4.2.0",
                "jsonfile": "^6.0.1",
                "universalify": "^1.0.0"
            }
        },
        "graceful-fs": {
            "version": "4.2.6",
            "resolved": "https://registry.npmjs.org/graceful-fs/-/graceful-fs-4.2.6.tgz",
            "integrity": "sha512-nTnJ528pbqxYanhpDYsi4Rd8MAeaBA67+RZ10CM1m3bTAVFEDcd5AuA4a6W5YkGZ1iNXHzZz8T6TBKLeBuNriQ=="
        },
        "jsonfile": {
            "version": "6.1.0",
            "resolved": "https://registry.npmjs.org/jsonfile/-/jsonfile-6.1.0.tgz",
            "integrity": "sha512-5dgndWOriYSm5cnYaJNhalLNDKOqFwyDB/rr1E9ZsGciGvKPs8R2xYGCacuf3z6K1YKDz182fd+fY3cn3pMqXQ==",
            "requires": {
                "graceful-fs": "^4.1.6",
                "universalify": "^2.0.0"
            },
            "dependencies": {
                "universalify": {
                    "version": "2.0.0",
                    "resolved": "https://registry.npmjs.org/universalify/-/universalify-2.0.0.tgz",
                    "integrity": "sha512-hAZsKq7Yy11Zu1DE0OzWjw7nnLZmJZYTDZZyEFHZdUhV8FkH5MCfoU1XMaxXovpyW5nq5scPqq0ZDP9Zyl04oQ=="
                }
            }
        },
        "lodash.sample": {
            "version": "4.2.1",
            "resolved": "https://registry.npmjs.org/lodash.sample/-/lodash.sample-4.2.1.tgz",
            "integrity": "sha1-XkKRsMdT+hq+sKq4+ynfG2bwf20="
        },
        "lorem-ipsum": {
            "version": "2.0.3",
            "resolved": "https://registry.npmjs.org/lorem-ipsum/-/lorem-ipsum-2.0.3.tgz",
            "integrity": "sha512-CX2r84DMWjW/DWiuzicTI9aRaJPAw2cvAGMJYZh/nx12OkTGqloj8y8FU0S8ZkKwOdqhfxEA6Ly8CW2P6Yxjwg==",
            "requires": {
                "commander": "^2.17.1"
            }
        },
        "timebelt": {
            "version": "git+https://github.com/shukriadams/timebelt.git#08e1d96f3dfb95ba4782119d9c704901f11fbd71",
            "from": "git+https://github.com/shukriadams/timebelt.git#0.1.8"
        },
        "unique-names-generator": {
            "version": "4.3.1",
            "resolved": "https://registry.npmjs.org/unique-names-generator/-/unique-names-generator-4.3.1.tgz",
            "integrity": "sha512-oxkKrDXbwx6I5M963SdfmMH2t8n1OIfYyzoJ25BmDeETlyWAZjTbMXwIEMiQDex4lkD2pqe+9gxDJQAB2IOfDg=="
        },
        "universalify": {
            "version": "1.0.0",
            "resolved": "https://registry.npmjs.org/universalify/-/universalify-1.0.0.tgz",
            "integrity": "sha512-rb6X1W158d7pRQBg5gkR8uPaSfiids68LTJQYOtEUhoJUWBdaQHsuT/EUduxXYxcrt4r5PJ4fuHW1MHT6p0qug=="
        }
    }
}
