
Microsoft Visual Studio Solution File, Format Version 12.00
# Visual Studio Version 16
VisualStudioVersion = 16.0.30717.126
MinimumVisualStudioVersion = 10.0.40219.1
Project("{9A19103F-16F7-4668-BE54-9A1E7A4F7556}") = "Wbtb.Core", "Wbtb.Core\Wbtb.Core.csproj", "{A0DB097C-643A-48C8-8E21-8AD0823AEC90}"
EndProject
Project("{9A19103F-16F7-4668-BE54-9A1E7A4F7556}") = "Wbtb.Core.Common", "Wbtb.Core.Common\Wbtb.Core.Common.csproj", "{CD94083F-0033-475C-A125-B282CF6730B2}"
EndProject
Project("{9A19103F-16F7-4668-BE54-9A1E7A4F7556}") = "Wbtb.Core.Web", "Wbtb.Core.Web\Wbtb.Core.Web.csproj", "{D788BECC-3957-4EBE-82A4-5A84DD4C09D3}"
EndProject
Project("{9A19103F-16F7-4668-BE54-9A1E7A4F7556}") = "Wbtb.Core.Tests", "Wbtb.Core.Tests\Wbtb.Core.Tests.csproj", "{F3E7B953-825A-4CE2-BC2B-961B4D3A972E}"
EndProject
Project("{9A19103F-16F7-4668-BE54-9A1E7A4F7556}") = "Wbtb.Extensions.Data.Postgres", "Wbtb.Extensions.Data.Postgres\Wbtb.Extensions.Data.Postgres.csproj", "{54FEA1DE-A416-4741-BE48-77F1F1DCBC0E}"
EndProject
Project("{9A19103F-16F7-4668-BE54-9A1E7A4F7556}") = "Wbtb.Extensions.TestClient", "Wbtb.Extensions.TestClient\Wbtb.Extensions.TestClient.csproj", "{5DEE15D7-15C8-4457-8012-F108234EC1E0}"
EndProject
Project("{9A19103F-16F7-4668-BE54-9A1E7A4F7556}") = "Wbtb.Extensions.Auth.ActiveDirectory", "Wbtb.Extensions.Auth.ActiveDirectory\Wbtb.Extensions.Auth.ActiveDirectory.csproj", "{49586D2B-B1B6-46B6-A463-F270C3741A7B}"
EndProject
Project("{FAE04EC0-301F-11D3-BF4B-00C04F79EFBC}") = "Wbtb.Extensions.Data.Postgres.Tests", "Wbtb.Extensions.Data.Postgres.Tests\Wbtb.Extensions.Data.Postgres.Tests.csproj", "{F7534220-821F-4748-BB6D-C6B28DA619B9}"
EndProject
Global
	GlobalSection(SolutionConfigurationPlatforms) = preSolution
		Debug|Any CPU = Debug|Any CPU
		Release|Any CPU = Release|Any CPU
	EndGlobalSection
	GlobalSection(ProjectConfigurationPlatforms) = postSolution
		{A0DB097C-643A-48C8-8E21-8AD0823AEC90}.Debug|Any CPU.ActiveCfg = Debug|Any CPU
		{A0DB097C-643A-48C8-8E21-8AD0823AEC90}.Debug|Any CPU.Build.0 = Debug|Any CPU
		{A0DB097C-643A-48C8-8E21-8AD0823AEC90}.Release|Any CPU.ActiveCfg = Release|Any CPU
		{A0DB097C-643A-48C8-8E21-8AD0823AEC90}.Release|Any CPU.Build.0 = Release|Any CPU
		{CD94083F-0033-475C-A125-B282CF6730B2}.Debug|Any CPU.ActiveCfg = Debug|Any CPU
		{CD94083F-0033-475C-A125-B282CF6730B2}.Debug|Any CPU.Build.0 = Debug|Any CPU
		{CD94083F-0033-475C-A125-B282CF6730B2}.Release|Any CPU.ActiveCfg = Release|Any CPU
		{CD94083F-0033-475C-A125-B282CF6730B2}.Release|Any CPU.Build.0 = Release|Any CPU
		{D788BECC-3957-4EBE-82A4-5A84DD4C09D3}.Debug|Any CPU.ActiveCfg = Debug|Any CPU
		{D788BECC-3957-4EBE-82A4-5A84DD4C09D3}.Debug|Any CPU.Build.0 = Debug|Any CPU
		{D788BECC-3957-4EBE-82A4-5A84DD4C09D3}.Release|Any CPU.ActiveCfg = Release|Any CPU
		{D788BECC-3957-4EBE-82A4-5A84DD4C09D3}.Release|Any CPU.Build.0 = Release|Any CPU
		{F3E7B953-825A-4CE2-BC2B-961B4D3A972E}.Debug|Any CPU.ActiveCfg = Debug|Any CPU
		{F3E7B953-825A-4CE2-BC2B-961B4D3A972E}.Debug|Any CPU.Build.0 = Debug|Any CPU
		{F3E7B953-825A-4CE2-BC2B-961B4D3A972E}.Release|Any CPU.ActiveCfg = Release|Any CPU
		{F3E7B953-825A-4CE2-BC2B-961B4D3A972E}.Release|Any CPU.Build.0 = Release|Any CPU
		{54FEA1DE-A416-4741-BE48-77F1F1DCBC0E}.Debug|Any CPU.ActiveCfg = Debug|Any CPU
		{54FEA1DE-A416-4741-BE48-77F1F1DCBC0E}.Debug|Any CPU.Build.0 = Debug|Any CPU
		{54FEA1DE-A416-4741-BE48-77F1F1DCBC0E}.Release|Any CPU.ActiveCfg = Release|Any CPU
		{54FEA1DE-A416-4741-BE48-77F1F1DCBC0E}.Release|Any CPU.Build.0 = Release|Any CPU
		{5DEE15D7-15C8-4457-8012-F108234EC1E0}.Debug|Any CPU.ActiveCfg = Debug|Any CPU
		{5DEE15D7-15C8-4457-8012-F108234EC1E0}.Debug|Any CPU.Build.0 = Debug|Any CPU
		{5DEE15D7-15C8-4457-8012-F108234EC1E0}.Release|Any CPU.ActiveCfg = Release|Any CPU
		{5DEE15D7-15C8-4457-8012-F108234EC1E0}.Release|Any CPU.Build.0 = Release|Any CPU
		{49586D2B-B1B6-46B6-A463-F270C3741A7B}.Debug|Any CPU.ActiveCfg = Debug|Any CPU
		{49586D2B-B1B6-46B6-A463-F270C3741A7B}.Debug|Any CPU.Build.0 = Debug|Any CPU
		{49586D2B-B1B6-46B6-A463-F270C3741A7B}.Release|Any CPU.ActiveCfg = Release|Any CPU
		{49586D2B-B1B6-46B6-A463-F270C3741A7B}.Release|Any CPU.Build.0 = Release|Any CPU
		{F7534220-821F-4748-BB6D-C6B28DA619B9}.Debug|Any CPU.ActiveCfg = Debug|Any CPU
		{F7534220-821F-4748-BB6D-C6B28DA619B9}.Debug|Any CPU.Build.0 = Debug|Any CPU
		{F7534220-821F-4748-BB6D-C6B28DA619B9}.Release|Any CPU.ActiveCfg = Release|Any CPU
		{F7534220-821F-4748-BB6D-C6B28DA619B9}.Release|Any CPU.Build.0 = Release|Any CPU
	EndGlobalSection
	GlobalSection(SolutionProperties) = preSolution
		HideSolutionNode = FALSE
	EndGlobalSection
	GlobalSection(ExtensibilityGlobals) = postSolution
		SolutionGuid = {0A77B386-B57C-4FCF-8CDB-0C908189AF24}
	EndGlobalSection
EndGlobal
